// !$*UTF8*$!
{
	archiveVersion = 1;
	classes = {
	};
	objectVersion = 55;
	objects = {

/* Begin PBXBuildFile section */
		61A0921B28D653BA00090D70 /* MoviesDetailService.swift in Sources */ = {isa = PBXBuildFile; fileRef = 61A0921A28D653BA00090D70 /* MoviesDetailService.swift */; };
		61A0921F28D656B600090D70 /* MovieDetailViewModel.swift in Sources */ = {isa = PBXBuildFile; fileRef = 61A0921E28D656B600090D70 /* MovieDetailViewModel.swift */; };
		61A0922128D65AA400090D70 /* LoginViewController.swift in Sources */ = {isa = PBXBuildFile; fileRef = 61A0922028D65AA400090D70 /* LoginViewController.swift */; };
		61A0922328D65C6F00090D70 /* UserDefaults+Extension.swift in Sources */ = {isa = PBXBuildFile; fileRef = 61A0922228D65C6F00090D70 /* UserDefaults+Extension.swift */; };
		61A0922528D65CA900090D70 /* UIImageView+Extension.swift in Sources */ = {isa = PBXBuildFile; fileRef = 61A0922428D65CA900090D70 /* UIImageView+Extension.swift */; };
		61A0922928D67B2F00090D70 /* MoviesDetailDTO.swift in Sources */ = {isa = PBXBuildFile; fileRef = 61A0922828D67B2F00090D70 /* MoviesDetailDTO.swift */; };
		61A0922B28D67F3D00090D70 /* DetailDTO.swift in Sources */ = {isa = PBXBuildFile; fileRef = 61A0922A28D67F3D00090D70 /* DetailDTO.swift */; };
		61A7E3A628BEA8BD00A0FC1D /* MovieListViewController.swift in Sources */ = {isa = PBXBuildFile; fileRef = 61A7E3A528BEA8BD00A0FC1D /* MovieListViewController.swift */; };
		61A7E3B128BEC17100A0FC1D /* MovieDetailViewController.swift in Sources */ = {isa = PBXBuildFile; fileRef = 61A7E3B028BEC17100A0FC1D /* MovieDetailViewController.swift */; };
		61A7E3B328BEC1B300A0FC1D /* MainTabBarViewController.swift in Sources */ = {isa = PBXBuildFile; fileRef = 61A7E3B228BEC1B300A0FC1D /* MainTabBarViewController.swift */; };
		61A7E3B928BEC27F00A0FC1D /* SearchViewController.swift in Sources */ = {isa = PBXBuildFile; fileRef = 61A7E3B828BEC27F00A0FC1D /* SearchViewController.swift */; };
		61A7E3BF28BEC3BD00A0FC1D /* FavoritesViewController.swift in Sources */ = {isa = PBXBuildFile; fileRef = 61A7E3BE28BEC3BD00A0FC1D /* FavoritesViewController.swift */; };
		61A87EE128D272A200BDB5C4 /* ApiManager.swift in Sources */ = {isa = PBXBuildFile; fileRef = 61A87EE028D272A200BDB5C4 /* ApiManager.swift */; };
		61A87EE328D2744A00BDB5C4 /* MovieListService.swift in Sources */ = {isa = PBXBuildFile; fileRef = 61A87EE228D2744A00BDB5C4 /* MovieListService.swift */; };
		61A87EE528D27B8000BDB5C4 /* MovieListDTO.swift in Sources */ = {isa = PBXBuildFile; fileRef = 61A87EE428D27B7F00BDB5C4 /* MovieListDTO.swift */; };
		61A87EE928D27D7700BDB5C4 /* MoviesDTO.swift in Sources */ = {isa = PBXBuildFile; fileRef = 61A87EE828D27D7700BDB5C4 /* MoviesDTO.swift */; };
		61A87EEB28D28F7400BDB5C4 /* MovieListViewModel.swift in Sources */ = {isa = PBXBuildFile; fileRef = 61A87EEA28D28F7400BDB5C4 /* MovieListViewModel.swift */; };
		61A8869A28D3CE9E0019D840 /* MoviesTableViewCell.swift in Sources */ = {isa = PBXBuildFile; fileRef = 61A8869928D3CE9E0019D840 /* MoviesTableViewCell.swift */; };
		61CE0B9F28BD7A590039564F /* AppDelegate.swift in Sources */ = {isa = PBXBuildFile; fileRef = 61CE0B9E28BD7A590039564F /* AppDelegate.swift */; };
		61CE0BA128BD7A590039564F /* SceneDelegate.swift in Sources */ = {isa = PBXBuildFile; fileRef = 61CE0BA028BD7A590039564F /* SceneDelegate.swift */; };
		61CE0BA828BD7A5D0039564F /* Assets.xcassets in Resources */ = {isa = PBXBuildFile; fileRef = 61CE0BA728BD7A5D0039564F /* Assets.xcassets */; };
		61CE0BAB28BD7A5D0039564F /* LaunchScreen.storyboard in Resources */ = {isa = PBXBuildFile; fileRef = 61CE0BA928BD7A5D0039564F /* LaunchScreen.storyboard */; };
		852E8196A88BDCEF9A168EDA /* Pods_MoviesAlkemy.framework in Frameworks */ = {isa = PBXBuildFile; fileRef = 774D81086D16D4FF3E1DA8C5 /* Pods_MoviesAlkemy.framework */; };
/* End PBXBuildFile section */

/* Begin PBXFileReference section */
		2EADE5A12D080B494E6D6356 /* Pods-MoviesAlkemy.release.xcconfig */ = {isa = PBXFileReference; includeInIndex = 1; lastKnownFileType = text.xcconfig; name = "Pods-MoviesAlkemy.release.xcconfig"; path = "Target Support Files/Pods-MoviesAlkemy/Pods-MoviesAlkemy.release.xcconfig"; sourceTree = "<group>"; };
		61A0921A28D653BA00090D70 /* MoviesDetailService.swift */ = {isa = PBXFileReference; lastKnownFileType = sourcecode.swift; path = MoviesDetailService.swift; sourceTree = "<group>"; };
		61A0921E28D656B600090D70 /* MovieDetailViewModel.swift */ = {isa = PBXFileReference; lastKnownFileType = sourcecode.swift; path = MovieDetailViewModel.swift; sourceTree = "<group>"; };
		61A0922028D65AA400090D70 /* LoginViewController.swift */ = {isa = PBXFileReference; lastKnownFileType = sourcecode.swift; path = LoginViewController.swift; sourceTree = "<group>"; };
		61A0922228D65C6F00090D70 /* UserDefaults+Extension.swift */ = {isa = PBXFileReference; lastKnownFileType = sourcecode.swift; path = "UserDefaults+Extension.swift"; sourceTree = "<group>"; };
		61A0922428D65CA900090D70 /* UIImageView+Extension.swift */ = {isa = PBXFileReference; lastKnownFileType = sourcecode.swift; path = "UIImageView+Extension.swift"; sourceTree = "<group>"; };
		61A0922828D67B2F00090D70 /* MoviesDetailDTO.swift */ = {isa = PBXFileReference; lastKnownFileType = sourcecode.swift; path = MoviesDetailDTO.swift; sourceTree = "<group>"; };
		61A0922A28D67F3D00090D70 /* DetailDTO.swift */ = {isa = PBXFileReference; lastKnownFileType = sourcecode.swift; path = DetailDTO.swift; sourceTree = "<group>"; };
		61A7E3A528BEA8BD00A0FC1D /* MovieListViewController.swift */ = {isa = PBXFileReference; lastKnownFileType = sourcecode.swift; path = MovieListViewController.swift; sourceTree = "<group>"; };
		61A7E3B028BEC17100A0FC1D /* MovieDetailViewController.swift */ = {isa = PBXFileReference; lastKnownFileType = sourcecode.swift; path = MovieDetailViewController.swift; sourceTree = "<group>"; };
		61A7E3B228BEC1B300A0FC1D /* MainTabBarViewController.swift */ = {isa = PBXFileReference; lastKnownFileType = sourcecode.swift; path = MainTabBarViewController.swift; sourceTree = "<group>"; };
		61A7E3B828BEC27F00A0FC1D /* SearchViewController.swift */ = {isa = PBXFileReference; lastKnownFileType = sourcecode.swift; path = SearchViewController.swift; sourceTree = "<group>"; };
		61A7E3BE28BEC3BD00A0FC1D /* FavoritesViewController.swift */ = {isa = PBXFileReference; lastKnownFileType = sourcecode.swift; path = FavoritesViewController.swift; sourceTree = "<group>"; };
		61A87EE028D272A200BDB5C4 /* ApiManager.swift */ = {isa = PBXFileReference; lastKnownFileType = sourcecode.swift; path = ApiManager.swift; sourceTree = "<group>"; };
		61A87EE228D2744A00BDB5C4 /* MovieListService.swift */ = {isa = PBXFileReference; lastKnownFileType = sourcecode.swift; path = MovieListService.swift; sourceTree = "<group>"; };
		61A87EE428D27B7F00BDB5C4 /* MovieListDTO.swift */ = {isa = PBXFileReference; lastKnownFileType = sourcecode.swift; path = MovieListDTO.swift; sourceTree = "<group>"; };
		61A87EE828D27D7700BDB5C4 /* MoviesDTO.swift */ = {isa = PBXFileReference; lastKnownFileType = sourcecode.swift; path = MoviesDTO.swift; sourceTree = "<group>"; };
		61A87EEA28D28F7400BDB5C4 /* MovieListViewModel.swift */ = {isa = PBXFileReference; lastKnownFileType = sourcecode.swift; path = MovieListViewModel.swift; sourceTree = "<group>"; };
		61A8869928D3CE9E0019D840 /* MoviesTableViewCell.swift */ = {isa = PBXFileReference; lastKnownFileType = sourcecode.swift; path = MoviesTableViewCell.swift; sourceTree = "<group>"; };
		61CE0B9B28BD7A590039564F /* MoviesAlkemy.app */ = {isa = PBXFileReference; explicitFileType = wrapper.application; includeInIndex = 0; path = MoviesAlkemy.app; sourceTree = BUILT_PRODUCTS_DIR; };
		61CE0B9E28BD7A590039564F /* AppDelegate.swift */ = {isa = PBXFileReference; lastKnownFileType = sourcecode.swift; path = AppDelegate.swift; sourceTree = "<group>"; };
		61CE0BA028BD7A590039564F /* SceneDelegate.swift */ = {isa = PBXFileReference; lastKnownFileType = sourcecode.swift; path = SceneDelegate.swift; sourceTree = "<group>"; };
		61CE0BA728BD7A5D0039564F /* Assets.xcassets */ = {isa = PBXFileReference; lastKnownFileType = folder.assetcatalog; path = Assets.xcassets; sourceTree = "<group>"; };
		61CE0BAA28BD7A5D0039564F /* Base */ = {isa = PBXFileReference; lastKnownFileType = file.storyboard; name = Base; path = Base.lproj/LaunchScreen.storyboard; sourceTree = "<group>"; };
		61CE0BAC28BD7A5D0039564F /* Info.plist */ = {isa = PBXFileReference; lastKnownFileType = text.plist.xml; path = Info.plist; sourceTree = "<group>"; };
		774D81086D16D4FF3E1DA8C5 /* Pods_MoviesAlkemy.framework */ = {isa = PBXFileReference; explicitFileType = wrapper.framework; includeInIndex = 0; path = Pods_MoviesAlkemy.framework; sourceTree = BUILT_PRODUCTS_DIR; };
		CCE0D40122590A63396B4912 /* Pods-MoviesAlkemy.debug.xcconfig */ = {isa = PBXFileReference; includeInIndex = 1; lastKnownFileType = text.xcconfig; name = "Pods-MoviesAlkemy.debug.xcconfig"; path = "Target Support Files/Pods-MoviesAlkemy/Pods-MoviesAlkemy.debug.xcconfig"; sourceTree = "<group>"; };
/* End PBXFileReference section */

/* Begin PBXFrameworksBuildPhase section */
		61CE0B9828BD7A590039564F /* Frameworks */ = {
			isa = PBXFrameworksBuildPhase;
			buildActionMask = 2147483647;
			files = (
				852E8196A88BDCEF9A168EDA /* Pods_MoviesAlkemy.framework in Frameworks */,
			);
			runOnlyForDeploymentPostprocessing = 0;
		};
/* End PBXFrameworksBuildPhase section */

/* Begin PBXGroup section */
		0314CC83BB69EDEC72935BB6 /* Pods */ = {
			isa = PBXGroup;
			children = (
				CCE0D40122590A63396B4912 /* Pods-MoviesAlkemy.debug.xcconfig */,
				2EADE5A12D080B494E6D6356 /* Pods-MoviesAlkemy.release.xcconfig */,
			);
			path = Pods;
			sourceTree = "<group>";
		};
		520CCA1C8156E01AC5C6FC52 /* Frameworks */ = {
			isa = PBXGroup;
			children = (
				774D81086D16D4FF3E1DA8C5 /* Pods_MoviesAlkemy.framework */,
			);
			name = Frameworks;
			sourceTree = "<group>";
		};
		61A7E3B428BEC25000A0FC1D /* SearchViewController */ = {
			isa = PBXGroup;
			children = (
				61A7E3B728BEC26C00A0FC1D /* ViewModel */,
				61A7E3B628BEC26800A0FC1D /* View */,
				61A7E3B528BEC26000A0FC1D /* Service */,
			);
			path = SearchViewController;
			sourceTree = "<group>";
		};
		61A7E3B528BEC26000A0FC1D /* Service */ = {
			isa = PBXGroup;
			children = (
			);
			path = Service;
			sourceTree = "<group>";
		};
		61A7E3B628BEC26800A0FC1D /* View */ = {
			isa = PBXGroup;
			children = (
				61A7E3B828BEC27F00A0FC1D /* SearchViewController.swift */,
			);
			path = View;
			sourceTree = "<group>";
		};
		61A7E3B728BEC26C00A0FC1D /* ViewModel */ = {
			isa = PBXGroup;
			children = (
			);
			path = ViewModel;
			sourceTree = "<group>";
		};
		61A7E3BA28BEC38900A0FC1D /* Favorites */ = {
			isa = PBXGroup;
			children = (
				61A7E3BD28BEC3AD00A0FC1D /* ViewModel */,
				61A7E3BC28BEC39B00A0FC1D /* View */,
				61A7E3BB28BEC39200A0FC1D /* Service */,
			);
			path = Favorites;
			sourceTree = "<group>";
		};
		61A7E3BB28BEC39200A0FC1D /* Service */ = {
			isa = PBXGroup;
			children = (
			);
			path = Service;
			sourceTree = "<group>";
		};
		61A7E3BC28BEC39B00A0FC1D /* View */ = {
			isa = PBXGroup;
			children = (
				61A7E3BE28BEC3BD00A0FC1D /* FavoritesViewController.swift */,
			);
			path = View;
			sourceTree = "<group>";
		};
		61A7E3BD28BEC3AD00A0FC1D /* ViewModel */ = {
			isa = PBXGroup;
			children = (
			);
			path = ViewModel;
			sourceTree = "<group>";
		};
		61A87EDE28D2723300BDB5C4 /* Networking */ = {
			isa = PBXGroup;
			children = (
				61A87EE028D272A200BDB5C4 /* ApiManager.swift */,
			);
			path = Networking;
			sourceTree = "<group>";
		};
		61A87EDF28D2724000BDB5C4 /* Models */ = {
			isa = PBXGroup;
			children = (
				61A87EE428D27B7F00BDB5C4 /* MovieListDTO.swift */,
				61A87EE828D27D7700BDB5C4 /* MoviesDTO.swift */,
				61A0922828D67B2F00090D70 /* MoviesDetailDTO.swift */,
				61A0922A28D67F3D00090D70 /* DetailDTO.swift */,
			);
			path = Models;
			sourceTree = "<group>";
		};
		61CE0B9228BD7A590039564F = {
			isa = PBXGroup;
			children = (
				61CE0B9D28BD7A590039564F /* MoviesAlkemy */,
				61CE0B9C28BD7A590039564F /* Products */,
				0314CC83BB69EDEC72935BB6 /* Pods */,
				520CCA1C8156E01AC5C6FC52 /* Frameworks */,
			);
			sourceTree = "<group>";
		};
		61CE0B9C28BD7A590039564F /* Products */ = {
			isa = PBXGroup;
			children = (
				61CE0B9B28BD7A590039564F /* MoviesAlkemy.app */,
			);
			name = Products;
			sourceTree = "<group>";
		};
		61CE0B9D28BD7A590039564F /* MoviesAlkemy */ = {
			isa = PBXGroup;
			children = (
				61CE0BB528BD7AD60039564F /* UItls */,
				61CE0BB428BD7AAA0039564F /* Shared */,
				61CE0BB228BD7A8C0039564F /* Modules */,
				61CE0B9E28BD7A590039564F /* AppDelegate.swift */,
				61CE0BA028BD7A590039564F /* SceneDelegate.swift */,
				61A7E3B228BEC1B300A0FC1D /* MainTabBarViewController.swift */,
				61CE0BA728BD7A5D0039564F /* Assets.xcassets */,
				61CE0BA928BD7A5D0039564F /* LaunchScreen.storyboard */,
				61CE0BAC28BD7A5D0039564F /* Info.plist */,
			);
			path = MoviesAlkemy;
			sourceTree = "<group>";
		};
		61CE0BB228BD7A8C0039564F /* Modules */ = {
			isa = PBXGroup;
			children = (
				61A7E3BA28BEC38900A0FC1D /* Favorites */,
				61A7E3B428BEC25000A0FC1D /* SearchViewController */,
				61CE0BBD28BD7B290039564F /* Login */,
				61CE0BB928BD7B010039564F /* MovieDetailViewController */,
				61CE0BB328BD7A950039564F /* MovieListViewController */,
			);
			path = Modules;
			sourceTree = "<group>";
		};
		61CE0BB328BD7A950039564F /* MovieListViewController */ = {
			isa = PBXGroup;
			children = (
				61CE0BB828BD7AF70039564F /* ViewModel */,
				61CE0BB728BD7AF20039564F /* View */,
				61CE0BB628BD7AE40039564F /* Service */,
			);
			path = MovieListViewController;
			sourceTree = "<group>";
		};
		61CE0BB428BD7AAA0039564F /* Shared */ = {
			isa = PBXGroup;
			children = (
				61A87EDF28D2724000BDB5C4 /* Models */,
				61A87EDE28D2723300BDB5C4 /* Networking */,
			);
			path = Shared;
			sourceTree = "<group>";
		};
		61CE0BB528BD7AD60039564F /* UItls */ = {
			isa = PBXGroup;
			children = (
				61A0922228D65C6F00090D70 /* UserDefaults+Extension.swift */,
				61A0922428D65CA900090D70 /* UIImageView+Extension.swift */,
			);
			path = UItls;
			sourceTree = "<group>";
		};
		61CE0BB628BD7AE40039564F /* Service */ = {
			isa = PBXGroup;
			children = (
				61A87EE228D2744A00BDB5C4 /* MovieListService.swift */,
			);
			path = Service;
			sourceTree = "<group>";
		};
		61CE0BB728BD7AF20039564F /* View */ = {
			isa = PBXGroup;
			children = (
				61A7E3A528BEA8BD00A0FC1D /* MovieListViewController.swift */,
				61A8869928D3CE9E0019D840 /* MoviesTableViewCell.swift */,
			);
			path = View;
			sourceTree = "<group>";
		};
		61CE0BB828BD7AF70039564F /* ViewModel */ = {
			isa = PBXGroup;
			children = (
				61A87EEA28D28F7400BDB5C4 /* MovieListViewModel.swift */,
			);
			path = ViewModel;
			sourceTree = "<group>";
		};
		61CE0BB928BD7B010039564F /* MovieDetailViewController */ = {
			isa = PBXGroup;
			children = (
				61CE0BBC28BD7B210039564F /* ViewModel */,
				61CE0BBB28BD7B1C0039564F /* View */,
				61CE0BBA28BD7B100039564F /* Service */,
			);
			path = MovieDetailViewController;
			sourceTree = "<group>";
		};
		61CE0BBA28BD7B100039564F /* Service */ = {
			isa = PBXGroup;
			children = (
				61A0921A28D653BA00090D70 /* MoviesDetailService.swift */,
			);
			path = Service;
			sourceTree = "<group>";
		};
		61CE0BBB28BD7B1C0039564F /* View */ = {
			isa = PBXGroup;
			children = (
				61A7E3B028BEC17100A0FC1D /* MovieDetailViewController.swift */,
			);
			path = View;
			sourceTree = "<group>";
		};
		61CE0BBC28BD7B210039564F /* ViewModel */ = {
			isa = PBXGroup;
			children = (
				61A0921E28D656B600090D70 /* MovieDetailViewModel.swift */,
			);
			path = ViewModel;
			sourceTree = "<group>";
		};
		61CE0BBD28BD7B290039564F /* Login */ = {
			isa = PBXGroup;
			children = (
				61CE0BC028BD7C290039564F /* ViewModel */,
				61CE0BBF28BD7C1D0039564F /* View */,
				61CE0BBE28BD7B2E0039564F /* Service */,
			);
			path = Login;
			sourceTree = "<group>";
		};
		61CE0BBE28BD7B2E0039564F /* Service */ = {
			isa = PBXGroup;
			children = (
			);
			path = Service;
			sourceTree = "<group>";
		};
		61CE0BBF28BD7C1D0039564F /* View */ = {
			isa = PBXGroup;
			children = (
				61A0922028D65AA400090D70 /* LoginViewController.swift */,
			);
			path = View;
			sourceTree = "<group>";
		};
		61CE0BC028BD7C290039564F /* ViewModel */ = {
			isa = PBXGroup;
			children = (
			);
			path = ViewModel;
			sourceTree = "<group>";
		};
/* End PBXGroup section */

/* Begin PBXNativeTarget section */
		61CE0B9A28BD7A590039564F /* MoviesAlkemy */ = {
			isa = PBXNativeTarget;
			buildConfigurationList = 61CE0BAF28BD7A5D0039564F /* Build configuration list for PBXNativeTarget "MoviesAlkemy" */;
			buildPhases = (
				8546FA2BF887651C88DB35D6 /* [CP] Check Pods Manifest.lock */,
				61CE0B9728BD7A590039564F /* Sources */,
				61CE0B9828BD7A590039564F /* Frameworks */,
				61CE0B9928BD7A590039564F /* Resources */,
				0A9AB7EA31FCBB805E7612B9 /* [CP] Embed Pods Frameworks */,
			);
			buildRules = (
			);
			dependencies = (
			);
			name = MoviesAlkemy;
			productName = MoviesAlkemy;
			productReference = 61CE0B9B28BD7A590039564F /* MoviesAlkemy.app */;
			productType = "com.apple.product-type.application";
		};
/* End PBXNativeTarget section */

/* Begin PBXProject section */
		61CE0B9328BD7A590039564F /* Project object */ = {
			isa = PBXProject;
			attributes = {
				BuildIndependentTargetsInParallel = 1;
				LastSwiftUpdateCheck = 1340;
				LastUpgradeCheck = 1340;
				TargetAttributes = {
					61CE0B9A28BD7A590039564F = {
						CreatedOnToolsVersion = 13.4.1;
					};
				};
			};
			buildConfigurationList = 61CE0B9628BD7A590039564F /* Build configuration list for PBXProject "MoviesAlkemy" */;
			compatibilityVersion = "Xcode 13.0";
			developmentRegion = en;
			hasScannedForEncodings = 0;
			knownRegions = (
				en,
				Base,
			);
			mainGroup = 61CE0B9228BD7A590039564F;
			productRefGroup = 61CE0B9C28BD7A590039564F /* Products */;
			projectDirPath = "";
			projectRoot = "";
			targets = (
				61CE0B9A28BD7A590039564F /* MoviesAlkemy */,
			);
		};
/* End PBXProject section */

/* Begin PBXResourcesBuildPhase section */
		61CE0B9928BD7A590039564F /* Resources */ = {
			isa = PBXResourcesBuildPhase;
			buildActionMask = 2147483647;
			files = (
				61CE0BAB28BD7A5D0039564F /* LaunchScreen.storyboard in Resources */,
				61CE0BA828BD7A5D0039564F /* Assets.xcassets in Resources */,
			);
			runOnlyForDeploymentPostprocessing = 0;
		};
/* End PBXResourcesBuildPhase section */

/* Begin PBXShellScriptBuildPhase section */
		0A9AB7EA31FCBB805E7612B9 /* [CP] Embed Pods Frameworks */ = {
			isa = PBXShellScriptBuildPhase;
			buildActionMask = 2147483647;
			files = (
			);
			inputFileListPaths = (
				"${PODS_ROOT}/Target Support Files/Pods-MoviesAlkemy/Pods-MoviesAlkemy-frameworks-${CONFIGURATION}-input-files.xcfilelist",
			);
			name = "[CP] Embed Pods Frameworks";
			outputFileListPaths = (
				"${PODS_ROOT}/Target Support Files/Pods-MoviesAlkemy/Pods-MoviesAlkemy-frameworks-${CONFIGURATION}-output-files.xcfilelist",
			);
			runOnlyForDeploymentPostprocessing = 0;
			shellPath = /bin/sh;
			shellScript = "\"${PODS_ROOT}/Target Support Files/Pods-MoviesAlkemy/Pods-MoviesAlkemy-frameworks.sh\"\n";
			showEnvVarsInLog = 0;
		};
		8546FA2BF887651C88DB35D6 /* [CP] Check Pods Manifest.lock */ = {
			isa = PBXShellScriptBuildPhase;
			buildActionMask = 2147483647;
			files = (
			);
			inputFileListPaths = (
			);
			inputPaths = (
				"${PODS_PODFILE_DIR_PATH}/Podfile.lock",
				"${PODS_ROOT}/Manifest.lock",
			);
			name = "[CP] Check Pods Manifest.lock";
			outputFileListPaths = (
			);
			outputPaths = (
				"$(DERIVED_FILE_DIR)/Pods-MoviesAlkemy-checkManifestLockResult.txt",
			);
			runOnlyForDeploymentPostprocessing = 0;
			shellPath = /bin/sh;
			shellScript = "diff \"${PODS_PODFILE_DIR_PATH}/Podfile.lock\" \"${PODS_ROOT}/Manifest.lock\" > /dev/null\nif [ $? != 0 ] ; then\n    # print error to STDERR\n    echo \"error: The sandbox is not in sync with the Podfile.lock. Run 'pod install' or update your CocoaPods installation.\" >&2\n    exit 1\nfi\n# This output is used by Xcode 'outputs' to avoid re-running this script phase.\necho \"SUCCESS\" > \"${SCRIPT_OUTPUT_FILE_0}\"\n";
			showEnvVarsInLog = 0;
		};
/* End PBXShellScriptBuildPhase section */

/* Begin PBXSourcesBuildPhase section */
		61CE0B9728BD7A590039564F /* Sources */ = {
			isa = PBXSourcesBuildPhase;
			buildActionMask = 2147483647;
			files = (
				61A0922B28D67F3D00090D70 /* DetailDTO.swift in Sources */,
				61A87EE128D272A200BDB5C4 /* ApiManager.swift in Sources */,
				61A7E3B928BEC27F00A0FC1D /* SearchViewController.swift in Sources */,
				61A87EE328D2744A00BDB5C4 /* MovieListService.swift in Sources */,
				61A0921F28D656B600090D70 /* MovieDetailViewModel.swift in Sources */,
				61A0922928D67B2F00090D70 /* MoviesDetailDTO.swift in Sources */,
				61A0921B28D653BA00090D70 /* MoviesDetailService.swift in Sources */,
				61A87EE928D27D7700BDB5C4 /* MoviesDTO.swift in Sources */,
				61A7E3B328BEC1B300A0FC1D /* MainTabBarViewController.swift in Sources */,
				61A87EE528D27B8000BDB5C4 /* MovieListDTO.swift in Sources */,
				61A7E3BF28BEC3BD00A0FC1D /* FavoritesViewController.swift in Sources */,
				61A7E3B128BEC17100A0FC1D /* MovieDetailViewController.swift in Sources */,
				61CE0B9F28BD7A590039564F /* AppDelegate.swift in Sources */,
				61CE0BA128BD7A590039564F /* SceneDelegate.swift in Sources */,
				61A0922128D65AA400090D70 /* LoginViewController.swift in Sources */,
				61A0922328D65C6F00090D70 /* UserDefaults+Extension.swift in Sources */,
				61A8869A28D3CE9E0019D840 /* MoviesTableViewCell.swift in Sources */,
				61A0922528D65CA900090D70 /* UIImageView+Extension.swift in Sources */,
				61A7E3A628BEA8BD00A0FC1D /* MovieListViewController.swift in Sources */,
				61A87EEB28D28F7400BDB5C4 /* MovieListViewModel.swift in Sources */,
			);
			runOnlyForDeploymentPostprocessing = 0;
		};
/* End PBXSourcesBuildPhase section */

/* Begin PBXVariantGroup section */
		61CE0BA928BD7A5D0039564F /* LaunchScreen.storyboard */ = {
			isa = PBXVariantGroup;
			children = (
				61CE0BAA28BD7A5D0039564F /* Base */,
			);
			name = LaunchScreen.storyboard;
			sourceTree = "<group>";
		};
/* End PBXVariantGroup section */

/* Begin XCBuildConfiguration section */
		61CE0BAD28BD7A5D0039564F /* Debug */ = {
			isa = XCBuildConfiguration;
			buildSettings = {
				ALWAYS_SEARCH_USER_PATHS = NO;
				CLANG_ANALYZER_NONNULL = YES;
				CLANG_ANALYZER_NUMBER_OBJECT_CONVERSION = YES_AGGRESSIVE;
				CLANG_CXX_LANGUAGE_STANDARD = "gnu++17";
				CLANG_ENABLE_MODULES = YES;
				CLANG_ENABLE_OBJC_ARC = YES;
				CLANG_ENABLE_OBJC_WEAK = YES;
				CLANG_WARN_BLOCK_CAPTURE_AUTORELEASING = YES;
				CLANG_WARN_BOOL_CONVERSION = YES;
				CLANG_WARN_COMMA = YES;
				CLANG_WARN_CONSTANT_CONVERSION = YES;
				CLANG_WARN_DEPRECATED_OBJC_IMPLEMENTATIONS = YES;
				CLANG_WARN_DIRECT_OBJC_ISA_USAGE = YES_ERROR;
				CLANG_WARN_DOCUMENTATION_COMMENTS = YES;
				CLANG_WARN_EMPTY_BODY = YES;
				CLANG_WARN_ENUM_CONVERSION = YES;
				CLANG_WARN_INFINITE_RECURSION = YES;
				CLANG_WARN_INT_CONVERSION = YES;
				CLANG_WARN_NON_LITERAL_NULL_CONVERSION = YES;
				CLANG_WARN_OBJC_IMPLICIT_RETAIN_SELF = YES;
				CLANG_WARN_OBJC_LITERAL_CONVERSION = YES;
				CLANG_WARN_OBJC_ROOT_CLASS = YES_ERROR;
				CLANG_WARN_QUOTED_INCLUDE_IN_FRAMEWORK_HEADER = YES;
				CLANG_WARN_RANGE_LOOP_ANALYSIS = YES;
				CLANG_WARN_STRICT_PROTOTYPES = YES;
				CLANG_WARN_SUSPICIOUS_MOVE = YES;
				CLANG_WARN_UNGUARDED_AVAILABILITY = YES_AGGRESSIVE;
				CLANG_WARN_UNREACHABLE_CODE = YES;
				CLANG_WARN__DUPLICATE_METHOD_MATCH = YES;
				COPY_PHASE_STRIP = NO;
				DEBUG_INFORMATION_FORMAT = dwarf;
				ENABLE_STRICT_OBJC_MSGSEND = YES;
				ENABLE_TESTABILITY = YES;
				GCC_C_LANGUAGE_STANDARD = gnu11;
				GCC_DYNAMIC_NO_PIC = NO;
				GCC_NO_COMMON_BLOCKS = YES;
				GCC_OPTIMIZATION_LEVEL = 0;
				GCC_PREPROCESSOR_DEFINITIONS = (
					"DEBUG=1",
					"$(inherited)",
				);
				GCC_WARN_64_TO_32_BIT_CONVERSION = YES;
				GCC_WARN_ABOUT_RETURN_TYPE = YES_ERROR;
				GCC_WARN_UNDECLARED_SELECTOR = YES;
				GCC_WARN_UNINITIALIZED_AUTOS = YES_AGGRESSIVE;
				GCC_WARN_UNUSED_FUNCTION = YES;
				GCC_WARN_UNUSED_VARIABLE = YES;
				IPHONEOS_DEPLOYMENT_TARGET = 15.5;
				MTL_ENABLE_DEBUG_INFO = INCLUDE_SOURCE;
				MTL_FAST_MATH = YES;
				ONLY_ACTIVE_ARCH = YES;
				SDKROOT = iphoneos;
				SWIFT_ACTIVE_COMPILATION_CONDITIONS = DEBUG;
				SWIFT_OPTIMIZATION_LEVEL = "-Onone";
			};
			name = Debug;
		};
		61CE0BAE28BD7A5D0039564F /* Release */ = {
			isa = XCBuildConfiguration;
			buildSettings = {
				ALWAYS_SEARCH_USER_PATHS = NO;
				CLANG_ANALYZER_NONNULL = YES;
				CLANG_ANALYZER_NUMBER_OBJECT_CONVERSION = YES_AGGRESSIVE;
				CLANG_CXX_LANGUAGE_STANDARD = "gnu++17";
				CLANG_ENABLE_MODULES = YES;
				CLANG_ENABLE_OBJC_ARC = YES;
				CLANG_ENABLE_OBJC_WEAK = YES;
				CLANG_WARN_BLOCK_CAPTURE_AUTORELEASING = YES;
				CLANG_WARN_BOOL_CONVERSION = YES;
				CLANG_WARN_COMMA = YES;
				CLANG_WARN_CONSTANT_CONVERSION = YES;
				CLANG_WARN_DEPRECATED_OBJC_IMPLEMENTATIONS = YES;
				CLANG_WARN_DIRECT_OBJC_ISA_USAGE = YES_ERROR;
				CLANG_WARN_DOCUMENTATION_COMMENTS = YES;
				CLANG_WARN_EMPTY_BODY = YES;
				CLANG_WARN_ENUM_CONVERSION = YES;
				CLANG_WARN_INFINITE_RECURSION = YES;
				CLANG_WARN_INT_CONVERSION = YES;
				CLANG_WARN_NON_LITERAL_NULL_CONVERSION = YES;
				CLANG_WARN_OBJC_IMPLICIT_RETAIN_SELF = YES;
				CLANG_WARN_OBJC_LITERAL_CONVERSION = YES;
				CLANG_WARN_OBJC_ROOT_CLASS = YES_ERROR;
				CLANG_WARN_QUOTED_INCLUDE_IN_FRAMEWORK_HEADER = YES;
				CLANG_WARN_RANGE_LOOP_ANALYSIS = YES;
				CLANG_WARN_STRICT_PROTOTYPES = YES;
				CLANG_WARN_SUSPICIOUS_MOVE = YES;
				CLANG_WARN_UNGUARDED_AVAILABILITY = YES_AGGRESSIVE;
				CLANG_WARN_UNREACHABLE_CODE = YES;
				CLANG_WARN__DUPLICATE_METHOD_MATCH = YES;
				COPY_PHASE_STRIP = NO;
				DEBUG_INFORMATION_FORMAT = "dwarf-with-dsym";
				ENABLE_NS_ASSERTIONS = NO;
				ENABLE_STRICT_OBJC_MSGSEND = YES;
				GCC_C_LANGUAGE_STANDARD = gnu11;
				GCC_NO_COMMON_BLOCKS = YES;
				GCC_WARN_64_TO_32_BIT_CONVERSION = YES;
				GCC_WARN_ABOUT_RETURN_TYPE = YES_ERROR;
				GCC_WARN_UNDECLARED_SELECTOR = YES;
				GCC_WARN_UNINITIALIZED_AUTOS = YES_AGGRESSIVE;
				GCC_WARN_UNUSED_FUNCTION = YES;
				GCC_WARN_UNUSED_VARIABLE = YES;
				IPHONEOS_DEPLOYMENT_TARGET = 15.5;
				MTL_ENABLE_DEBUG_INFO = NO;
				MTL_FAST_MATH = YES;
				SDKROOT = iphoneos;
				SWIFT_COMPILATION_MODE = wholemodule;
				SWIFT_OPTIMIZATION_LEVEL = "-O";
				VALIDATE_PRODUCT = YES;
			};
			name = Release;
		};
		61CE0BB028BD7A5D0039564F /* Debug */ = {
			isa = XCBuildConfiguration;
			baseConfigurationReference = CCE0D40122590A63396B4912 /* Pods-MoviesAlkemy.debug.xcconfig */;
			buildSettings = {
				ASSETCATALOG_COMPILER_APPICON_NAME = AppIcon;
				ASSETCATALOG_COMPILER_GLOBAL_ACCENT_COLOR_NAME = AccentColor;
				CODE_SIGN_STYLE = Automatic;
				CURRENT_PROJECT_VERSION = 1;
				DEVELOPMENT_TEAM = 45Y77HXG9H;
				GENERATE_INFOPLIST_FILE = YES;
				INFOPLIST_FILE = MoviesAlkemy/Info.plist;
				INFOPLIST_KEY_UIApplicationSupportsIndirectInputEvents = YES;
				INFOPLIST_KEY_UILaunchStoryboardName = LaunchScreen;
				INFOPLIST_KEY_UISupportedInterfaceOrientations_iPad = "UIInterfaceOrientationPortrait UIInterfaceOrientationPortraitUpsideDown UIInterfaceOrientationLandscapeLeft UIInterfaceOrientationLandscapeRight";
				INFOPLIST_KEY_UISupportedInterfaceOrientations_iPhone = "UIInterfaceOrientationPortrait UIInterfaceOrientationLandscapeLeft UIInterfaceOrientationLandscapeRight";
				LD_RUNPATH_SEARCH_PATHS = (
					"$(inherited)",
					"@executable_path/Frameworks",
				);
				MARKETING_VERSION = 1.0;
				PRODUCT_BUNDLE_IDENTIFIER = com.MoviesAlkemy;
				PRODUCT_NAME = "$(TARGET_NAME)";
				SWIFT_EMIT_LOC_STRINGS = YES;
				SWIFT_VERSION = 5.0;
				TARGETED_DEVICE_FAMILY = 1;
			};
			name = Debug;
		};
		61CE0BB128BD7A5D0039564F /* Release */ = {
			isa = XCBuildConfiguration;
			baseConfigurationReference = 2EADE5A12D080B494E6D6356 /* Pods-MoviesAlkemy.release.xcconfig */;
			buildSettings = {
				ASSETCATALOG_COMPILER_APPICON_NAME = AppIcon;
				ASSETCATALOG_COMPILER_GLOBAL_ACCENT_COLOR_NAME = AccentColor;
				CODE_SIGN_STYLE = Automatic;
				CURRENT_PROJECT_VERSION = 1;
				DEVELOPMENT_TEAM = 45Y77HXG9H;
				GENERATE_INFOPLIST_FILE = YES;
				INFOPLIST_FILE = MoviesAlkemy/Info.plist;
				INFOPLIST_KEY_UIApplicationSupportsIndirectInputEvents = YES;
				INFOPLIST_KEY_UILaunchStoryboardName = LaunchScreen;
				INFOPLIST_KEY_UISupportedInterfaceOrientations_iPad = "UIInterfaceOrientationPortrait UIInterfaceOrientationPortraitUpsideDown UIInterfaceOrientationLandscapeLeft UIInterfaceOrientationLandscapeRight";
				INFOPLIST_KEY_UISupportedInterfaceOrientations_iPhone = "UIInterfaceOrientationPortrait UIInterfaceOrientationLandscapeLeft UIInterfaceOrientationLandscapeRight";
				LD_RUNPATH_SEARCH_PATHS = (
					"$(inherited)",
					"@executable_path/Frameworks",
				);
				MARKETING_VERSION = 1.0;
				PRODUCT_BUNDLE_IDENTIFIER = com.MoviesAlkemy;
				PRODUCT_NAME = "$(TARGET_NAME)";
				SWIFT_EMIT_LOC_STRINGS = YES;
				SWIFT_VERSION = 5.0;
				TARGETED_DEVICE_FAMILY = 1;
			};
			name = Release;
		};
/* End XCBuildConfiguration section */

/* Begin XCConfigurationList section */
		61CE0B9628BD7A590039564F /* Build configuration list for PBXProject "MoviesAlkemy" */ = {
			isa = XCConfigurationList;
			buildConfigurations = (
				61CE0BAD28BD7A5D0039564F /* Debug */,
				61CE0BAE28BD7A5D0039564F /* Release */,
			);
			defaultConfigurationIsVisible = 0;
			defaultConfigurationName = Release;
		};
		61CE0BAF28BD7A5D0039564F /* Build configuration list for PBXNativeTarget "MoviesAlkemy" */ = {
			isa = XCConfigurationList;
			buildConfigurations = (
				61CE0BB028BD7A5D0039564F /* Debug */,
				61CE0BB128BD7A5D0039564F /* Release */,
			);
			defaultConfigurationIsVisible = 0;
			defaultConfigurationName = Release;
		};
/* End XCConfigurationList section */
	};
	rootObject = 61CE0B9328BD7A590039564F /* Project object */;
}
